// !$*UTF8*$!
{
	archiveVersion = 1;
	classes = {
	};
	objectVersion = 50;
	objects = {

/* Begin PBXBuildFile section */
		2B1DC0B3B3CD7BE0A925F88F /* libPods-NSURL_Caching.a in Frameworks */ = {isa = PBXBuildFile; fileRef = 594DC53D1EB7C0A07BACC06A /* libPods-NSURL_Caching.a */; };
		5A4CB130227B647600E6B048 /* AppDelegate.m in Sources */ = {isa = PBXBuildFile; fileRef = 5A4CB12F227B647600E6B048 /* AppDelegate.m */; };
		5A4CB133227B647600E6B048 /* ViewController.m in Sources */ = {isa = PBXBuildFile; fileRef = 5A4CB132227B647600E6B048 /* ViewController.m */; };
		5A4CB136227B647600E6B048 /* Main.storyboard in Resources */ = {isa = PBXBuildFile; fileRef = 5A4CB134227B647600E6B048 /* Main.storyboard */; };
		5A4CB138227B648900E6B048 /* Assets.xcassets in Resources */ = {isa = PBXBuildFile; fileRef = 5A4CB137227B648900E6B048 /* Assets.xcassets */; };
		5A4CB13B227B648900E6B048 /* LaunchScreen.storyboard in Resources */ = {isa = PBXBuildFile; fileRef = 5A4CB139227B648900E6B048 /* LaunchScreen.storyboard */; };
		5A4CB13E227B648900E6B048 /* main.m in Sources */ = {isa = PBXBuildFile; fileRef = 5A4CB13D227B648900E6B048 /* main.m */; };
/* End PBXBuildFile section */

/* Begin PBXFileReference section */
		30ECA4FFFD2F6E8779726FF2 /* Pods-NSURL_Caching.debug.xcconfig */ = {isa = PBXFileReference; includeInIndex = 1; lastKnownFileType = text.xcconfig; name = "Pods-NSURL_Caching.debug.xcconfig"; path = "Pods/Target Support Files/Pods-NSURL_Caching/Pods-NSURL_Caching.debug.xcconfig"; sourceTree = "<group>"; };
		594DC53D1EB7C0A07BACC06A /* libPods-NSURL_Caching.a */ = {isa = PBXFileReference; explicitFileType = archive.ar; includeInIndex = 0; path = "libPods-NSURL_Caching.a"; sourceTree = BUILT_PRODUCTS_DIR; };
		5A4CB12B227B647600E6B048 /* NSURL_Caching.app */ = {isa = PBXFileReference; explicitFileType = wrapper.application; includeInIndex = 0; path = NSURL_Caching.app; sourceTree = BUILT_PRODUCTS_DIR; };
		5A4CB12E227B647600E6B048 /* AppDelegate.h */ = {isa = PBXFileReference; lastKnownFileType = sourcecode.c.h; path = AppDelegate.h; sourceTree = "<group>"; };
		5A4CB12F227B647600E6B048 /* AppDelegate.m */ = {isa = PBXFileReference; lastKnownFileType = sourcecode.c.objc; path = AppDelegate.m; sourceTree = "<group>"; };
		5A4CB131227B647600E6B048 /* ViewController.h */ = {isa = PBXFileReference; lastKnownFileType = sourcecode.c.h; path = ViewController.h; sourceTree = "<group>"; };
		5A4CB132227B647600E6B048 /* ViewController.m */ = {isa = PBXFileReference; lastKnownFileType = sourcecode.c.objc; path = ViewController.m; sourceTree = "<group>"; };
		5A4CB135227B647600E6B048 /* Base */ = {isa = PBXFileReference; lastKnownFileType = file.storyboard; name = Base; path = Base.lproj/Main.storyboard; sourceTree = "<group>"; };
		5A4CB137227B648900E6B048 /* Assets.xcassets */ = {isa = PBXFileReference; lastKnownFileType = folder.assetcatalog; path = Assets.xcassets; sourceTree = "<group>"; };
		5A4CB13A227B648900E6B048 /* Base */ = {isa = PBXFileReference; lastKnownFileType = file.storyboard; name = Base; path = Base.lproj/LaunchScreen.storyboard; sourceTree = "<group>"; };
		5A4CB13C227B648900E6B048 /* Info.plist */ = {isa = PBXFileReference; lastKnownFileType = text.plist.xml; path = Info.plist; sourceTree = "<group>"; };
		5A4CB13D227B648900E6B048 /* main.m */ = {isa = PBXFileReference; lastKnownFileType = sourcecode.c.objc; path = main.m; sourceTree = "<group>"; };
		8850BEC6B074F5CEF244DD1D /* Pods-NSURL_Caching.release.xcconfig */ = {isa = PBXFileReference; includeInIndex = 1; lastKnownFileType = text.xcconfig; name = "Pods-NSURL_Caching.release.xcconfig"; path = "Pods/Target Support Files/Pods-NSURL_Caching/Pods-NSURL_Caching.release.xcconfig"; sourceTree = "<group>"; };
/* End PBXFileReference section */

/* Begin PBXFrameworksBuildPhase section */
		5A4CB128227B647600E6B048 /* Frameworks */ = {
			isa = PBXFrameworksBuildPhase;
			buildActionMask = 2147483647;
			files = (
				2B1DC0B3B3CD7BE0A925F88F /* libPods-NSURL_Caching.a in Frameworks */,
			);
			runOnlyForDeploymentPostprocessing = 0;
		};
/* End PBXFrameworksBuildPhase section */

/* Begin PBXGroup section */
		5A4CB122227B647600E6B048 = {
			isa = PBXGroup;
			children = (
				5A4CB12D227B647600E6B048 /* NSURL_Caching */,
				5A4CB12C227B647600E6B048 /* Products */,
				A7C5B069AC234EF77C13437B /* Pods */,
				8E1B87DB5D9C9CB21E05B59F /* Frameworks */,
			);
			sourceTree = "<group>";
		};
		5A4CB12C227B647600E6B048 /* Products */ = {
			isa = PBXGroup;
			children = (
				5A4CB12B227B647600E6B048 /* NSURL_Caching.app */,
			);
			name = Products;
			sourceTree = "<group>";
		};
		5A4CB12D227B647600E6B048 /* NSURL_Caching */ = {
			isa = PBXGroup;
			children = (
				5A4CB12E227B647600E6B048 /* AppDelegate.h */,
				5A4CB12F227B647600E6B048 /* AppDelegate.m */,
				5A4CB131227B647600E6B048 /* ViewController.h */,
				5A4CB132227B647600E6B048 /* ViewController.m */,
				5A4CB134227B647600E6B048 /* Main.storyboard */,
				5A4CB137227B648900E6B048 /* Assets.xcassets */,
				5A4CB139227B648900E6B048 /* LaunchScreen.storyboard */,
				5A4CB13C227B648900E6B048 /* Info.plist */,
				5A4CB13D227B648900E6B048 /* main.m */,
			);
			path = NSURL_Caching;
			sourceTree = "<group>";
		};
		8E1B87DB5D9C9CB21E05B59F /* Frameworks */ = {
			isa = PBXGroup;
			children = (
				594DC53D1EB7C0A07BACC06A /* libPods-NSURL_Caching.a */,
			);
			name = Frameworks;
			sourceTree = "<group>";
		};
		A7C5B069AC234EF77C13437B /* Pods */ = {
			isa = PBXGroup;
			children = (
				30ECA4FFFD2F6E8779726FF2 /* Pods-NSURL_Caching.debug.xcconfig */,
				8850BEC6B074F5CEF244DD1D /* Pods-NSURL_Caching.release.xcconfig */,
			);
			name = Pods;
			sourceTree = "<group>";
		};
/* End PBXGroup section */

/* Begin PBXNativeTarget section */
		5A4CB12A227B647600E6B048 /* NSURL_Caching */ = {
			isa = PBXNativeTarget;
			buildConfigurationList = 5A4CB141227B648900E6B048 /* Build configuration list for PBXNativeTarget "NSURL_Caching" */;
			buildPhases = (
				7A3C96D91FA5A1110F855498 /* [CP] Check Pods Manifest.lock */,
				5A4CB127227B647600E6B048 /* Sources */,
				5A4CB128227B647600E6B048 /* Frameworks */,
				5A4CB129227B647600E6B048 /* Resources */,
			);
			buildRules = (
			);
			dependencies = (
			);
			name = NSURL_Caching;
			productName = NSURL_Caching;
			productReference = 5A4CB12B227B647600E6B048 /* NSURL_Caching.app */;
			productType = "com.apple.product-type.application";
		};
/* End PBXNativeTarget section */

/* Begin PBXProject section */
		5A4CB123227B647600E6B048 /* Project object */ = {
			isa = PBXProject;
			attributes = {
				LastUpgradeCheck = 1010;
				ORGANIZATIONNAME = Sdk;
				TargetAttributes = {
					5A4CB12A227B647600E6B048 = {
						CreatedOnToolsVersion = 10.1;
					};
				};
			};
			buildConfigurationList = 5A4CB126227B647600E6B048 /* Build configuration list for PBXProject "NSURL_Caching" */;
			compatibilityVersion = "Xcode 9.3";
			developmentRegion = en;
			hasScannedForEncodings = 0;
			knownRegions = (
				en,
				Base,
			);
			mainGroup = 5A4CB122227B647600E6B048;
			productRefGroup = 5A4CB12C227B647600E6B048 /* Products */;
			projectDirPath = "";
			projectRoot = "";
			targets = (
				5A4CB12A227B647600E6B048 /* NSURL_Caching */,
			);
		};
/* End PBXProject section */

/* Begin PBXResourcesBuildPhase section */
		5A4CB129227B647600E6B048 /* Resources */ = {
			isa = PBXResourcesBuildPhase;
			buildActionMask = 2147483647;
			files = (
				5A4CB13B227B648900E6B048 /* LaunchScreen.storyboard in Resources */,
				5A4CB138227B648900E6B048 /* Assets.xcassets in Resources */,
				5A4CB136227B647600E6B048 /* Main.storyboard in Resources */,
			);
			runOnlyForDeploymentPostprocessing = 0;
		};
/* End PBXResourcesBuildPhase section */

/* Begin PBXShellScriptBuildPhase section */
		7A3C96D91FA5A1110F855498 /* [CP] Check Pods Manifest.lock */ = {
			isa = PBXShellScriptBuildPhase;
			buildActionMask = 2147483647;
			files = (
			);
			inputFileListPaths = (
			);
			inputPaths = (
				"${PODS_PODFILE_DIR_PATH}/Podfile.lock",
				"${PODS_ROOT}/Manifest.lock",
			);
			name = "[CP] Check Pods Manifest.lock";
			outputFileListPaths = (
			);
			outputPaths = (
				"$(DERIVED_FILE_DIR)/Pods-NSURL_Caching-checkManifestLockResult.txt",
			);
			runOnlyForDeploymentPostprocessing = 0;
			shellPath = /bin/sh;
			shellScript = "diff \"${PODS_PODFILE_DIR_PATH}/Podfile.lock\" \"${PODS_ROOT}/Manifest.lock\" > /dev/null\nif [ $? != 0 ] ; then\n    # print error to STDERR\n    echo \"error: The sandbox is not in sync with the Podfile.lock. Run 'pod install' or update your CocoaPods installation.\" >&2\n    exit 1\nfi\n# This output is used by Xcode 'outputs' to avoid re-running this script phase.\necho \"SUCCESS\" > \"${SCRIPT_OUTPUT_FILE_0}\"\n";
			showEnvVarsInLog = 0;
		};
/* End PBXShellScriptBuildPhase section */

/* Begin PBXSourcesBuildPhase section */
		5A4CB127227B647600E6B048 /* Sources */ = {
			isa = PBXSourcesBuildPhase;
			buildActionMask = 2147483647;
			files = (
				5A4CB133227B647600E6B048 /* ViewController.m in Sources */,
				5A4CB13E227B648900E6B048 /* main.m in Sources */,
				5A4CB130227B647600E6B048 /* AppDelegate.m in Sources */,
			);
			runOnlyForDeploymentPostprocessing = 0;
		};
/* End PBXSourcesBuildPhase section */

/* Begin PBXVariantGroup section */
		5A4CB134227B647600E6B048 /* Main.storyboard */ = {
			isa = PBXVariantGroup;
			children = (
				5A4CB135227B647600E6B048 /* Base */,
			);
			name = Main.storyboard;
			sourceTree = "<group>";
		};
		5A4CB139227B648900E6B048 /* LaunchScreen.storyboard */ = {
			isa = PBXVariantGroup;
			children = (
				5A4CB13A227B648900E6B048 /* Base */,
			);
			name = LaunchScreen.storyboard;
			sourceTree = "<group>";
		};
/* End PBXVariantGroup section */

/* Begin XCBuildConfiguration section */
		5A4CB13F227B648900E6B048 /* Debug */ = {
			isa = XCBuildConfiguration;
			buildSettings = {
				ALWAYS_SEARCH_USER_PATHS = NO;
				CLANG_ANALYZER_NONNULL = YES;
				CLANG_ANALYZER_NUMBER_OBJECT_CONVERSION = YES_AGGRESSIVE;
				CLANG_CXX_LANGUAGE_STANDARD = "gnu++14";
				CLANG_CXX_LIBRARY = "libc++";
				CLANG_ENABLE_MODULES = YES;
				CLANG_ENABLE_OBJC_ARC = YES;
				CLANG_ENABLE_OBJC_WEAK = YES;
				CLANG_WARN_BLOCK_CAPTURE_AUTORELEASING = YES;
				CLANG_WARN_BOOL_CONVERSION = YES;
				CLANG_WARN_COMMA = YES;
				CLANG_WARN_CONSTANT_CONVERSION = YES;
				CLANG_WARN_DEPRECATED_OBJC_IMPLEMENTATIONS = YES;
				CLANG_WARN_DIRECT_OBJC_ISA_USAGE = YES_ERROR;
				CLANG_WARN_DOCUMENTATION_COMMENTS = YES;
				CLANG_WARN_EMPTY_BODY = YES;
				CLANG_WARN_ENUM_CONVERSION = YES;
				CLANG_WARN_INFINITE_RECURSION = YES;
				CLANG_WARN_INT_CONVERSION = YES;
				CLANG_WARN_NON_LITERAL_NULL_CONVERSION = YES;
				CLANG_WARN_OBJC_IMPLICIT_RETAIN_SELF = YES;
				CLANG_WARN_OBJC_LITERAL_CONVERSION = YES;
				CLANG_WARN_OBJC_ROOT_CLASS = YES_ERROR;
				CLANG_WARN_RANGE_LOOP_ANALYSIS = YES;
				CLANG_WARN_STRICT_PROTOTYPES = YES;
				CLANG_WARN_SUSPICIOUS_MOVE = YES;
				CLANG_WARN_UNGUARDED_AVAILABILITY = YES_AGGRESSIVE;
				CLANG_WARN_UNREACHABLE_CODE = YES;
				CLANG_WARN__DUPLICATE_METHOD_MATCH = YES;
				CODE_SIGN_IDENTITY = "iPhone Developer";
				COPY_PHASE_STRIP = NO;
				DEBUG_INFORMATION_FORMAT = dwarf;
				ENABLE_STRICT_OBJC_MSGSEND = YES;
				ENABLE_TESTABILITY = YES;
				GCC_C_LANGUAGE_STANDARD = gnu11;
				GCC_DYNAMIC_NO_PIC = NO;
				GCC_NO_COMMON_BLOCKS = YES;
				GCC_OPTIMIZATION_LEVEL = 0;
				GCC_PREPROCESSOR_DEFINITIONS = (
					"DEBUG=1",
					"$(inherited)",
				);
				GCC_WARN_64_TO_32_BIT_CONVERSION = YES;
				GCC_WARN_ABOUT_RETURN_TYPE = YES_ERROR;
				GCC_WARN_UNDECLARED_SELECTOR = YES;
				GCC_WARN_UNINITIALIZED_AUTOS = YES_AGGRESSIVE;
				GCC_WARN_UNUSED_FUNCTION = YES;
				GCC_WARN_UNUSED_VARIABLE = YES;
				IPHONEOS_DEPLOYMENT_TARGET = 12.1;
				MTL_ENABLE_DEBUG_INFO = INCLUDE_SOURCE;
				MTL_FAST_MATH = YES;
				ONLY_ACTIVE_ARCH = YES;
				SDKROOT = iphoneos;
			};
			name = Debug;
		};
		5A4CB140227B648900E6B048 /* Release */ = {
			isa = XCBuildConfiguration;
			buildSettings = {
				ALWAYS_SEARCH_USER_PATHS = NO;
				CLANG_ANALYZER_NONNULL = YES;
				CLANG_ANALYZER_NUMBER_OBJECT_CONVERSION = YES_AGGRESSIVE;
				CLANG_CXX_LANGUAGE_STANDARD = "gnu++14";
				CLANG_CXX_LIBRARY = "libc++";
				CLANG_ENABLE_MODULES = YES;
				CLANG_ENABLE_OBJC_ARC = YES;
				CLANG_ENABLE_OBJC_WEAK = YES;
				CLANG_WARN_BLOCK_CAPTURE_AUTORELEASING = YES;
				CLANG_WARN_BOOL_CONVERSION = YES;
				CLANG_WARN_COMMA = YES;
				CLANG_WARN_CONSTANT_CONVERSION = YES;
				CLANG_WARN_DEPRECATED_OBJC_IMPLEMENTATIONS = YES;
				CLANG_WARN_DIRECT_OBJC_ISA_USAGE = YES_ERROR;
				CLANG_WARN_DOCUMENTATION_COMMENTS = YES;
				CLANG_WARN_EMPTY_BODY = YES;
				CLANG_WARN_ENUM_CONVERSION = YES;
				CLANG_WARN_INFINITE_RECURSION = YES;
				CLANG_WARN_INT_CONVERSION = YES;
				CLANG_WARN_NON_LITERAL_NULL_CONVERSION = YES;
				CLANG_WARN_OBJC_IMPLICIT_RETAIN_SELF = YES;
				CLANG_WARN_OBJC_LITERAL_CONVERSION = YES;
				CLANG_WARN_OBJC_ROOT_CLASS = YES_ERROR;
				CLANG_WARN_RANGE_LOOP_ANALYSIS = YES;
				CLANG_WARN_STRICT_PROTOTYPES = YES;
				CLANG_WARN_SUSPICIOUS_MOVE = YES;
				CLANG_WARN_UNGUARDED_AVAILABILITY = YES_AGGRESSIVE;
				CLANG_WARN_UNREACHABLE_CODE = YES;
				CLANG_WARN__DUPLICATE_METHOD_MATCH = YES;
				CODE_SIGN_IDENTITY = "iPhone Developer";
				COPY_PHASE_STRIP = NO;
				DEBUG_INFORMATION_FORMAT = "dwarf-with-dsym";
				ENABLE_NS_ASSERTIONS = NO;
				ENABLE_STRICT_OBJC_MSGSEND = YES;
				GCC_C_LANGUAGE_STANDARD = gnu11;
				GCC_NO_COMMON_BLOCKS = YES;
				GCC_WARN_64_TO_32_BIT_CONVERSION = YES;
				GCC_WARN_ABOUT_RETURN_TYPE = YES_ERROR;
				GCC_WARN_UNDECLARED_SELECTOR = YES;
				GCC_WARN_UNINITIALIZED_AUTOS = YES_AGGRESSIVE;
				GCC_WARN_UNUSED_FUNCTION = YES;
				GCC_WARN_UNUSED_VARIABLE = YES;
				IPHONEOS_DEPLOYMENT_TARGET = 12.1;
				MTL_ENABLE_DEBUG_INFO = NO;
				MTL_FAST_MATH = YES;
				SDKROOT = iphoneos;
				VALIDATE_PRODUCT = YES;
			};
			name = Release;
		};
		5A4CB142227B648900E6B048 /* Debug */ = {
			isa = XCBuildConfiguration;
			baseConfigurationReference = 30ECA4FFFD2F6E8779726FF2 /* Pods-NSURL_Caching.debug.xcconfig */;
			buildSettings = {
				ASSETCATALOG_COMPILER_APPICON_NAME = AppIcon;
				CODE_SIGN_STYLE = Automatic;
				DEVELOPMENT_TEAM = "";
				INFOPLIST_FILE = NSURL_Caching/Info.plist;
				LD_RUNPATH_SEARCH_PATHS = (
					"$(inherited)",
					"@executable_path/Frameworks",
				);
				PRODUCT_BUNDLE_IDENTIFIER = "sdk.NSURL-Caching";
				PRODUCT_NAME = "$(TARGET_NAME)";
				TARGETED_DEVICE_FAMILY = "1,2";
			};
			name = Debug;
		};
		5A4CB143227B648900E6B048 /* Release */ = {
			isa = XCBuildConfiguration;
			baseConfigurationReference = 8850BEC6B074F5CEF244DD1D /* Pods-NSURL_Caching.release.xcconfig */;
			buildSettings = {
				ASSETCATALOG_COMPILER_APPICON_NAME = AppIcon;
				CODE_SIGN_STYLE = Automatic;
				DEVELOPMENT_TEAM = "";
				INFOPLIST_FILE = NSURL_Caching/Info.plist;
				LD_RUNPATH_SEARCH_PATHS = (
					"$(inherited)",
					"@executable_path/Frameworks",
				);
				PRODUCT_BUNDLE_IDENTIFIER = "sdk.NSURL-Caching";
				PRODUCT_NAME = "$(TARGET_NAME)";
				TARGETED_DEVICE_FAMILY = "1,2";
			};
			name = Release;
		};
/* End XCBuildConfiguration section */

/* Begin XCConfigurationList section */
		5A4CB126227B647600E6B048 /* Build configuration list for PBXProject "NSURL_Caching" */ = {
			isa = XCConfigurationList;
			buildConfigurations = (
				5A4CB13F227B648900E6B048 /* Debug */,
				5A4CB140227B648900E6B048 /* Release */,
			);
			defaultConfigurationIsVisible = 0;
			defaultConfigurationName = Release;
		};
		5A4CB141227B648900E6B048 /* Build configuration list for PBXNativeTarget "NSURL_Caching" */ = {
			isa = XCConfigurationList;
			buildConfigurations = (
				5A4CB142227B648900E6B048 /* Debug */,
				5A4CB143227B648900E6B048 /* Release */,
			);
			defaultConfigurationIsVisible = 0;
			defaultConfigurationName = Release;
		};
/* End XCConfigurationList section */
	};
	rootObject = 5A4CB123227B647600E6B048 /* Project object */;
}
